
Microsoft Visual Studio Solution File, Format Version 12.00
# Visual Studio 2012
Project("{FAE04EC0-301F-11D3-BF4B-00C04F79EFBC}") = "LotteryDragons", "lottery\LotteryDragons.csproj", "{CC48857D-C9DF-4A13-B09E-AF2AF3E6FA45}"
EndProject
Project("{6141683F-8A12-4E36-9623-2EB02B2C2303}") = "LottoDragon", "LottoDragon\LottoDragon.isproj", "{712D71BF-4CBE-4C48-98D0-89F802F345A9}"
	ProjectSection(ProjectDependencies) = postProject
		{CC48857D-C9DF-4A13-B09E-AF2AF3E6FA45} = {CC48857D-C9DF-4A13-B09E-AF2AF3E6FA45}
	EndProjectSection
EndProject
Global
	GlobalSection(SolutionConfigurationPlatforms) = preSolution
		CD_ROM|Any CPU = CD_ROM|Any CPU
		CD_ROM|x64 = CD_ROM|x64
		CD_ROM|x86 = CD_ROM|x86
		Debug|Any CPU = Debug|Any CPU
		Debug|x64 = Debug|x64
		Debug|x86 = Debug|x86
		DVD-5|Any CPU = DVD-5|Any CPU
		DVD-5|x64 = DVD-5|x64
		DVD-5|x86 = DVD-5|x86
		Release|Any CPU = Release|Any CPU
		Release|x64 = Release|x64
		Release|x86 = Release|x86
		SingleImage|Any CPU = SingleImage|Any CPU
		SingleImage|x64 = SingleImage|x64
		SingleImage|x86 = SingleImage|x86
	EndGlobalSection
	GlobalSection(ProjectConfigurationPlatforms) = postSolution
		{CC48857D-C9DF-4A13-B09E-AF2AF3E6FA45}.CD_ROM|Any CPU.ActiveCfg = Release|Any CPU
		{CC48857D-C9DF-4A13-B09E-AF2AF3E6FA45}.CD_ROM|Any CPU.Build.0 = Release|Any CPU
		{CC48857D-C9DF-4A13-B09E-AF2AF3E6FA45}.CD_ROM|x64.ActiveCfg = Release|x64
		{CC48857D-C9DF-4A13-B09E-AF2AF3E6FA45}.CD_ROM|x64.Build.0 = Release|x64
		{CC48857D-C9DF-4A13-B09E-AF2AF3E6FA45}.CD_ROM|x86.ActiveCfg = Debug|x86
		{CC48857D-C9DF-4A13-B09E-AF2AF3E6FA45}.CD_ROM|x86.Build.0 = Debug|x86
		{CC48857D-C9DF-4A13-B09E-AF2AF3E6FA45}.Debug|Any CPU.ActiveCfg = Debug|Any CPU
		{CC48857D-C9DF-4A13-B09E-AF2AF3E6FA45}.Debug|Any CPU.Build.0 = Debug|Any CPU
		{CC48857D-C9DF-4A13-B09E-AF2AF3E6FA45}.Debug|x64.ActiveCfg = Debug|x64
		{CC48857D-C9DF-4A13-B09E-AF2AF3E6FA45}.Debug|x64.Build.0 = Debug|x64
		{CC48857D-C9DF-4A13-B09E-AF2AF3E6FA45}.Debug|x86.ActiveCfg = Release|x86
		{CC48857D-C9DF-4A13-B09E-AF2AF3E6FA45}.Debug|x86.Build.0 = Release|x86
		{CC48857D-C9DF-4A13-B09E-AF2AF3E6FA45}.DVD-5|Any CPU.ActiveCfg = Debug|Any CPU
		{CC48857D-C9DF-4A13-B09E-AF2AF3E6FA45}.DVD-5|Any CPU.Build.0 = Debug|Any CPU
		{CC48857D-C9DF-4A13-B09E-AF2AF3E6FA45}.DVD-5|x64.ActiveCfg = Debug|x64
		{CC48857D-C9DF-4A13-B09E-AF2AF3E6FA45}.DVD-5|x64.Build.0 = Debug|x64
		{CC48857D-C9DF-4A13-B09E-AF2AF3E6FA45}.DVD-5|x86.ActiveCfg = Debug|x86
		{CC48857D-C9DF-4A13-B09E-AF2AF3E6FA45}.DVD-5|x86.Build.0 = Debug|x86
		{CC48857D-C9DF-4A13-B09E-AF2AF3E6FA45}.Release|Any CPU.ActiveCfg = Release|Any CPU
		{CC48857D-C9DF-4A13-B09E-AF2AF3E6FA45}.Release|Any CPU.Build.0 = Release|Any CPU
		{CC48857D-C9DF-4A13-B09E-AF2AF3E6FA45}.Release|x64.ActiveCfg = Release|x64
		{CC48857D-C9DF-4A13-B09E-AF2AF3E6FA45}.Release|x64.Build.0 = Release|x64
		{CC48857D-C9DF-4A13-B09E-AF2AF3E6FA45}.Release|x86.ActiveCfg = Release|x86
		{CC48857D-C9DF-4A13-B09E-AF2AF3E6FA45}.Release|x86.Build.0 = Release|x86
		{CC48857D-C9DF-4A13-B09E-AF2AF3E6FA45}.SingleImage|Any CPU.ActiveCfg = Release|Any CPU
		{CC48857D-C9DF-4A13-B09E-AF2AF3E6FA45}.SingleImage|Any CPU.Build.0 = Release|Any CPU
		{CC48857D-C9DF-4A13-B09E-AF2AF3E6FA45}.SingleImage|x64.ActiveCfg = Release|x64
		{CC48857D-C9DF-4A13-B09E-AF2AF3E6FA45}.SingleImage|x64.Build.0 = Release|x64
		{CC48857D-C9DF-4A13-B09E-AF2AF3E6FA45}.SingleImage|x86.ActiveCfg = Debug|x86
		{CC48857D-C9DF-4A13-B09E-AF2AF3E6FA45}.SingleImage|x86.Build.0 = Debug|x86
		{712D71BF-4CBE-4C48-98D0-89F802F345A9}.CD_ROM|Any CPU.ActiveCfg = CD_ROM
		{712D71BF-4CBE-4C48-98D0-89F802F345A9}.CD_ROM|Any CPU.Build.0 = CD_ROM
		{712D71BF-4CBE-4C48-98D0-89F802F345A9}.CD_ROM|x64.ActiveCfg = CD_ROM
		{712D71BF-4CBE-4C48-98D0-89F802F345A9}.CD_ROM|x64.Build.0 = CD_ROM
		{712D71BF-4CBE-4C48-98D0-89F802F345A9}.CD_ROM|x86.ActiveCfg = CD_ROM
		{712D71BF-4CBE-4C48-98D0-89F802F345A9}.CD_ROM|x86.Build.0 = CD_ROM
		{712D71BF-4CBE-4C48-98D0-89F802F345A9}.Debug|Any CPU.ActiveCfg = DVD-5
		{712D71BF-4CBE-4C48-98D0-89F802F345A9}.Debug|Any CPU.Build.0 = DVD-5
		{712D71BF-4CBE-4C48-98D0-89F802F345A9}.Debug|x64.ActiveCfg = DVD-5
		{712D71BF-4CBE-4C48-98D0-89F802F345A9}.Debug|x64.Build.0 = DVD-5
		{712D71BF-4CBE-4C48-98D0-89F802F345A9}.Debug|x86.ActiveCfg = DVD-5
		{712D71BF-4CBE-4C48-98D0-89F802F345A9}.Debug|x86.Build.0 = DVD-5
		{712D71BF-4CBE-4C48-98D0-89F802F345A9}.DVD-5|Any CPU.ActiveCfg = DVD-5
		{712D71BF-4CBE-4C48-98D0-89F802F345A9}.DVD-5|Any CPU.Build.0 = DVD-5
		{712D71BF-4CBE-4C48-98D0-89F802F345A9}.DVD-5|x64.ActiveCfg = DVD-5
		{712D71BF-4CBE-4C48-98D0-89F802F345A9}.DVD-5|x64.Build.0 = DVD-5
		{712D71BF-4CBE-4C48-98D0-89F802F345A9}.DVD-5|x86.ActiveCfg = DVD-5
		{712D71BF-4CBE-4C48-98D0-89F802F345A9}.DVD-5|x86.Build.0 = DVD-5
		{712D71BF-4CBE-4C48-98D0-89F802F345A9}.Release|Any CPU.ActiveCfg = SingleImage
		{712D71BF-4CBE-4C48-98D0-89F802F345A9}.Release|Any CPU.Build.0 = SingleImage
		{712D71BF-4CBE-4C48-98D0-89F802F345A9}.Release|Any CPU.Deploy.0 = SingleImage
		{712D71BF-4CBE-4C48-98D0-89F802F345A9}.Release|x64.ActiveCfg = SingleImage
		{712D71BF-4CBE-4C48-98D0-89F802F345A9}.Release|x64.Build.0 = SingleImage
		{712D71BF-4CBE-4C48-98D0-89F802F345A9}.Release|x86.ActiveCfg = SingleImage
		{712D71BF-4CBE-4C48-98D0-89F802F345A9}.Release|x86.Build.0 = SingleImage
		{712D71BF-4CBE-4C48-98D0-89F802F345A9}.SingleImage|Any CPU.ActiveCfg = SingleImage
		{712D71BF-4CBE-4C48-98D0-89F802F345A9}.SingleImage|Any CPU.Build.0 = SingleImage
		{712D71BF-4CBE-4C48-98D0-89F802F345A9}.SingleImage|x64.ActiveCfg = SingleImage
		{712D71BF-4CBE-4C48-98D0-89F802F345A9}.SingleImage|x64.Build.0 = SingleImage
		{712D71BF-4CBE-4C48-98D0-89F802F345A9}.SingleImage|x86.ActiveCfg = SingleImage
		{712D71BF-4CBE-4C48-98D0-89F802F345A9}.SingleImage|x86.Build.0 = SingleImage
	EndGlobalSection
	GlobalSection(SolutionProperties) = preSolution
		HideSolutionNode = FALSE
	EndGlobalSection
EndGlobal
